<?xml version="1.0" encoding="utf-8"?>
<Project ToolsVersion="4.0" xmlns="http://schemas.microsoft.com/developer/msbuild/2003">
  <ItemGroup>
    <Filter Include="Source Files">
      <UniqueIdentifier>{4FC737F1-C7A5-4376-A066-2A32D752A2FF}</UniqueIdentifier>
      <Extensions>cpp;c;cc;cxx;def;odl;idl;hpj;bat;asm;asmx</Extensions>
    </Filter>
    <Filter Include="Source Files\Contain">
      <UniqueIdentifier>{3f06a59a-6f84-4e6c-8b7f-132d70f15e46}</UniqueIdentifier>
    </Filter>
    <Filter Include="Source Files\Contain\Internal">
      <UniqueIdentifier>{39b4285a-5b80-4d6c-b5a5-b6b868824c50}</UniqueIdentifier>
    </Filter>
    <Filter Include="Source Files\Contain\External">
      <UniqueIdentifier>{cc2930f8-6886-4b0e-ab64-ec7d43c43c15}</UniqueIdentifier>
    </Filter>
    <Filter Include="Header Files">
      <UniqueIdentifier>{93995380-89BD-4b04-88EB-625FBE52EBFB}</UniqueIdentifier>
      <Extensions>h;hpp;hxx;hm;inl;inc;xsd</Extensions>
    </Filter>
    <Filter Include="Header Files\Contain">
      <UniqueIdentifier>{cc92de2a-1f70-47a6-a652-0e1eb5ac805f}</UniqueIdentifier>
    </Filter>
    <Filter Include="Header Files\Contain\Internal">
      <UniqueIdentifier>{ee4cff51-baf9-4109-96bd-f72b3833c4e0}</UniqueIdentifier>
    </Filter>
    <Filter Include="Header Files\Contain\External">
      <UniqueIdentifier>{0f8f74d5-ccb7-4ec0-8e3f-08b73e63633a}</UniqueIdentifier>
    </Filter>
    <Filter Include="Resource Files">
      <UniqueIdentifier>{67DA6AB6-F800-4c08-8B7A-83BB121AAD01}</UniqueIdentifier>
      <Extensions>rc;ico;cur;bmp;dlg;rc2;rct;bin;rgs;gif;jpg;jpeg;jpe;resx;tiff;tif;png;wav</Extensions>
    </Filter>
    <Filter Include="Notes">
      <UniqueIdentifier>{9029a7de-5a56-41d0-98c4-27e960d7e8fc}</UniqueIdentifier>
    </Filter>
  </ItemGroup>
  <ItemGroup>
    <ClCompile Include="MainProc.cpp">
      <Filter>Source Files</Filter>
    </ClCompile>
    <ClCompile Include="ModeSets.cpp">
      <Filter>Source Files</Filter>
    </ClCompile>
    <ClCompile Include="WCode.cpp">
      <Filter>Source Files</Filter>
    </ClCompile>
    <ClCompile Include="MainWindowClass.cpp">
      <Filter>Source Files\Contain\Internal</Filter>
    </ClCompile>
    <ClCompile Include="WordCodeClass.cpp">
      <Filter>Source Files\Contain\Internal</Filter>
    </ClCompile>
    <ClCompile Include="..\Utilities\AlphaTreeClass.cpp">
      <Filter>Source Files</Filter>
    </ClCompile>
    <ClCompile Include="..\Utilities\Clipboard.cpp">
      <Filter>Source Files</Filter>
    </ClCompile>
    <ClCompile Include="..\Utilities\CodeAckClass.cpp">
      <Filter>Source Files</Filter>
    </ClCompile>
    <ClCompile Include="..\Utilities\Codes.cpp">
      <Filter>Source Files</Filter>
    </ClCompile>
    <ClCompile Include="..\Utilities\DecString.cpp">
      <Filter>Source Files</Filter>
    </ClCompile>
    <ClCompile Include="..\Utilities\DictionaryClass.cpp">
      <Filter>Source Files</Filter>
    </ClCompile>
    <ClCompile Include="..\Utilities\FileIO.cpp">
      <Filter>Source Files</Filter>
    </ClCompile>
    <ClCompile Include="..\Utilities\LatLngClass.cpp">
      <Filter>Source Files</Filter>
    </ClCompile>
    <ClCompile Include="..\Utilities\LocaleClass.cpp">
      <Filter>Source Files</Filter>
    </ClCompile>
    <ClCompile Include="..\Utilities\NotifyMessageBoxClass.cpp">
      <Filter>Source Files</Filter>
    </ClCompile>
    <ClCompile Include="..\Utilities\PackUnpack.cpp">
      <Filter>Source Files</Filter>
    </ClCompile>
    <ClCompile Include="..\Utilities\SettingsClass.cpp">
      <Filter>Source Files</Filter>
    </ClCompile>
    <ClCompile Include="..\Utilities\SplashWindowClass.cpp">
      <Filter>Source Files</Filter>
    </ClCompile>
    <ClCompile Include="..\Utilities\SuggestClass.cpp">
      <Filter>Source Files</Filter>
    </ClCompile>
    <ClCompile Include="..\Utilities\TraceClass.cpp">
      <Filter>Source Files</Filter>
    </ClCompile>
    <ClCompile Include="..\Utilities\Utilities.cpp">
      <Filter>Source Files</Filter>
    </ClCompile>
  </ItemGroup>
  <ItemGroup>
    <ClInclude Include="..\CommonLangIDs.h">
      <Filter>Header Files</Filter>
    </ClInclude>
    <ClInclude Include="MainProc.h">
      <Filter>Header Files</Filter>
    </ClInclude>
    <ClInclude Include="ModeSets.h">
      <Filter>Header Files</Filter>
    </ClInclude>
    <ClInclude Include="Params.h">
      <Filter>Header Files</Filter>
    </ClInclude>
    <ClInclude Include="Resource.h">
      <Filter>Header Files</Filter>
    </ClInclude>
    <ClInclude Include="WCode.h">
      <Filter>Header Files</Filter>
    </ClInclude>
    <ClInclude Include="MainWindowClass.h">
      <Filter>Header Files\Contain\Internal</Filter>
    </ClInclude>
    <ClInclude Include="MainWindowLayout.h">
      <Filter>Header Files\Contain\Internal</Filter>
    </ClInclude>
    <ClInclude Include="WordCodeClass.h">
      <Filter>Header Files\Contain\Internal</Filter>
    </ClInclude>
    <ClInclude Include="BuildSets.h">
      <Filter>Header Files</Filter>
    </ClInclude>
    <ClInclude Include="VersionNo.h">
      <Filter>Header Files</Filter>
    </ClInclude>
    <ClInclude Include="..\Utilities\AlphaTreeClass.h">
      <Filter>Header Files</Filter>
    </ClInclude>
    <ClInclude Include="..\Utilities\BranchStruct.h">
      <Filter>Header Files</Filter>
    </ClInclude>
    <ClInclude Include="..\Utilities\Clipboard.h">
      <Filter>Header Files</Filter>
    </ClInclude>
    <ClInclude Include="..\Utilities\CodeAckClass.h">
      <Filter>Header Files</Filter>
    </ClInclude>
    <ClInclude Include="..\Utilities\Codes.h">
      <Filter>Header Files</Filter>
    </ClInclude>
    <ClInclude Include="..\Utilities\DecString.h">
      <Filter>Header Files</Filter>
    </ClInclude>
    <ClInclude Include="..\Utilities\DictionaryClass.h">
      <Filter>Header Files</Filter>
    </ClInclude>
    <ClInclude Include="..\Utilities\FileIO.h">
      <Filter>Header Files</Filter>
    </ClInclude>
    <ClInclude Include="..\Utilities\LatLngClass.h">
      <Filter>Header Files</Filter>
    </ClInclude>
    <ClInclude Include="..\Utilities\LocaleClass.h">
      <Filter>Header Files</Filter>
    </ClInclude>
    <ClInclude Include="..\Utilities\NotifyMessageBoxClass.h">
      <Filter>Header Files</Filter>
    </ClInclude>
    <ClInclude Include="..\Utilities\PackUnpack.h">
      <Filter>Header Files</Filter>
    </ClInclude>
    <ClInclude Include="..\Utilities\SettingsClass.h">
      <Filter>Header Files</Filter>
    </ClInclude>
    <ClInclude Include="..\Utilities\SplashWindowClass.h">
      <Filter>Header Files</Filter>
    </ClInclude>
    <ClInclude Include="..\Utilities\SuggestClass.h">
      <Filter>Header Files</Filter>
    </ClInclude>
    <ClInclude Include="..\Utilities\TraceClass.h">
      <Filter>Header Files</Filter>
    </ClInclude>
    <ClInclude Include="..\Utilities\Utilities.h">
      <Filter>Header Files</Filter>
    </ClInclude>
  </ItemGroup>
  <ItemGroup>
    <ResourceCompile Include="Accelarators.rc">
      <Filter>Resource Files</Filter>
    </ResourceCompile>
    <ResourceCompile Include="WCode.rc">
      <Filter>Resource Files</Filter>
    </ResourceCompile>
  </ItemGroup>
  <ItemGroup>
    <Image Include="Resources\Splash.bmp">
      <Filter>Resource Files</Filter>
    </Image>
    <Image Include="..\Resources\WCode.ico">
      <Filter>Resource Files</Filter>
    </Image>
  </ItemGroup>
  <ItemGroup>
    <None Include="..\Documentation\WCode\Considerations.gdoc">
      <Filter>Notes</Filter>
    </None>
    <None Include="..\Documentation\WCode\Design.gdoc">
      <Filter>Notes</Filter>
    </None>
    <None Include="..\Documentation\WCode\Limitations.gdoc">
      <Filter>Notes</Filter>
    </None>
    <None Include="..\Documentation\WCode\Numbers.gdoc">
      <Filter>Notes</Filter>
    </None>
    <None Include="WCode.vcproj.user" />
  </ItemGroup>
</Project>